
Microsoft Visual Studio Solution File, Format Version 12.00
# Visual Studio Version 17
VisualStudioVersion = 17.0.31903.59
MinimumVisualStudioVersion = 10.0.40219.1
Project("{FAE04EC0-301F-11D3-BF4B-00C04F79EFBC}") = "RecipeManagement.Core", "RecipeManagement.Core\RecipeManagement.Core.csproj", "{865179B5-3CD5-4AF1-ACC8-2B4B9B41C1D1}"
EndProject
Project("{FAE04EC0-301F-11D3-BF4B-00C04F79EFBC}") = "RecipeManagement.Application", "RecipeManagement.Application\RecipeManagement.Application.csproj", "{82377356-9A76-4496-9F94-46109CD4B26D}"
EndProject
Project("{FAE04EC0-301F-11D3-BF4B-00C04F79EFBC}") = "RecipeManagement.Tests", "RecipeManagement.Tests\RecipeManagement.Tests.csproj", "{A12F52CC-2B3E-4A7A-BFAF-B53AC32ADCC2}"
EndProject
Global
	GlobalSection(SolutionConfigurationPlatforms) = preSolution
		Debug|Any CPU = Debug|Any CPU
		Debug|x64 = Debug|x64
		Debug|x86 = Debug|x86
		Release|Any CPU = Release|Any CPU
		Release|x64 = Release|x64
		Release|x86 = Release|x86
	EndGlobalSection
	GlobalSection(ProjectConfigurationPlatforms) = postSolution
		{865179B5-3CD5-4AF1-ACC8-2B4B9B41C1D1}.Debug|Any CPU.ActiveCfg = Debug|Any CPU
		{865179B5-3CD5-4AF1-ACC8-2B4B9B41C1D1}.Debug|Any CPU.Build.0 = Debug|Any CPU
		{865179B5-3CD5-4AF1-ACC8-2B4B9B41C1D1}.Debug|x64.ActiveCfg = Debug|Any CPU
		{865179B5-3CD5-4AF1-ACC8-2B4B9B41C1D1}.Debug|x64.Build.0 = Debug|Any CPU
		{865179B5-3CD5-4AF1-ACC8-2B4B9B41C1D1}.Debug|x86.ActiveCfg = Debug|Any CPU
		{865179B5-3CD5-4AF1-ACC8-2B4B9B41C1D1}.Debug|x86.Build.0 = Debug|Any CPU
		{865179B5-3CD5-4AF1-ACC8-2B4B9B41C1D1}.Release|Any CPU.ActiveCfg = Release|Any CPU
		{865179B5-3CD5-4AF1-ACC8-2B4B9B41C1D1}.Release|Any CPU.Build.0 = Release|Any CPU
		{865179B5-3CD5-4AF1-ACC8-2B4B9B41C1D1}.Release|x64.ActiveCfg = Release|Any CPU
		{865179B5-3CD5-4AF1-ACC8-2B4B9B41C1D1}.Release|x64.Build.0 = Release|Any CPU
		{865179B5-3CD5-4AF1-ACC8-2B4B9B41C1D1}.Release|x86.ActiveCfg = Release|Any CPU
		{865179B5-3CD5-4AF1-ACC8-2B4B9B41C1D1}.Release|x86.Build.0 = Release|Any CPU
		{82377356-9A76-4496-9F94-46109CD4B26D}.Debug|Any CPU.ActiveCfg = Debug|Any CPU
		{82377356-9A76-4496-9F94-46109CD4B26D}.Debug|Any CPU.Build.0 = Debug|Any CPU
		{82377356-9A76-4496-9F94-46109CD4B26D}.Debug|x64.ActiveCfg = Debug|Any CPU
		{82377356-9A76-4496-9F94-46109CD4B26D}.Debug|x64.Build.0 = Debug|Any CPU
		{82377356-9A76-4496-9F94-46109CD4B26D}.Debug|x86.ActiveCfg = Debug|Any CPU
		{82377356-9A76-4496-9F94-46109CD4B26D}.Debug|x86.Build.0 = Debug|Any CPU
		{82377356-9A76-4496-9F94-46109CD4B26D}.Release|Any CPU.ActiveCfg = Release|Any CPU
		{82377356-9A76-4496-9F94-46109CD4B26D}.Release|Any CPU.Build.0 = Release|Any CPU
		{82377356-9A76-4496-9F94-46109CD4B26D}.Release|x64.ActiveCfg = Release|Any CPU
		{82377356-9A76-4496-9F94-46109CD4B26D}.Release|x64.Build.0 = Release|Any CPU
		{82377356-9A76-4496-9F94-46109CD4B26D}.Release|x86.ActiveCfg = Release|Any CPU
		{82377356-9A76-4496-9F94-46109CD4B26D}.Release|x86.Build.0 = Release|Any CPU
		{A12F52CC-2B3E-4A7A-BFAF-B53AC32ADCC2}.Debug|Any CPU.ActiveCfg = Debug|Any CPU
		{A12F52CC-2B3E-4A7A-BFAF-B53AC32ADCC2}.Debug|Any CPU.Build.0 = Debug|Any CPU
		{A12F52CC-2B3E-4A7A-BFAF-B53AC32ADCC2}.Debug|x64.ActiveCfg = Debug|Any CPU
		{A12F52CC-2B3E-4A7A-BFAF-B53AC32ADCC2}.Debug|x64.Build.0 = Debug|Any CPU
		{A12F52CC-2B3E-4A7A-BFAF-B53AC32ADCC2}.Debug|x86.ActiveCfg = Debug|Any CPU
		{A12F52CC-2B3E-4A7A-BFAF-B53AC32ADCC2}.Debug|x86.Build.0 = Debug|Any CPU
		{A12F52CC-2B3E-4A7A-BFAF-B53AC32ADCC2}.Release|Any CPU.ActiveCfg = Release|Any CPU
		{A12F52CC-2B3E-4A7A-BFAF-B53AC32ADCC2}.Release|Any CPU.Build.0 = Release|Any CPU
		{A12F52CC-2B3E-4A7A-BFAF-B53AC32ADCC2}.Release|x64.ActiveCfg = Release|Any CPU
		{A12F52CC-2B3E-4A7A-BFAF-B53AC32ADCC2}.Release|x64.Build.0 = Release|Any CPU
		{A12F52CC-2B3E-4A7A-BFAF-B53AC32ADCC2}.Release|x86.ActiveCfg = Release|Any CPU
		{A12F52CC-2B3E-4A7A-BFAF-B53AC32ADCC2}.Release|x86.Build.0 = Release|Any CPU
	EndGlobalSection
	GlobalSection(SolutionProperties) = preSolution
		HideSolutionNode = FALSE
	EndGlobalSection
EndGlobal
